// !$*UTF8*$!
{
	archiveVersion = 1;
	classes = {
	};
	objectVersion = 46;
	objects = {

/* Begin PBXBuildFile section */
		4AC900DE19C785E6006D3DB9 /* NAPPSVerifyViewController.m in Sources */ = {isa = PBXBuildFile; fileRef = 4AC900DD19C785E6006D3DB9 /* NAPPSVerifyViewController.m */; };
		4AF99AE9197599E8008E537B /* Foundation.framework in Frameworks */ = {isa = PBXBuildFile; fileRef = 4AF99AE8197599E8008E537B /* Foundation.framework */; };
		4AF99AEB197599E8008E537B /* CoreGraphics.framework in Frameworks */ = {isa = PBXBuildFile; fileRef = 4AF99AEA197599E8008E537B /* CoreGraphics.framework */; };
		4AF99AED197599E8008E537B /* UIKit.framework in Frameworks */ = {isa = PBXBuildFile; fileRef = 4AF99AEC197599E8008E537B /* UIKit.framework */; };
		4AF99AF3197599E8008E537B /* InfoPlist.strings in Resources */ = {isa = PBXBuildFile; fileRef = 4AF99AF1197599E8008E537B /* InfoPlist.strings */; };
		4AF99AF5197599E8008E537B /* main.m in Sources */ = {isa = PBXBuildFile; fileRef = 4AF99AF4197599E8008E537B /* main.m */; };
		4AF99AF9197599E8008E537B /* AppDelegate.m in Sources */ = {isa = PBXBuildFile; fileRef = 4AF99AF8197599E8008E537B /* AppDelegate.m */; };
		4AF99AFC197599E8008E537B /* Main.storyboard in Resources */ = {isa = PBXBuildFile; fileRef = 4AF99AFA197599E8008E537B /* Main.storyboard */; };
		4AF99AFF197599E8008E537B /* TweetViewController.m in Sources */ = {isa = PBXBuildFile; fileRef = 4AF99AFE197599E8008E537B /* TweetViewController.m */; };
		4AF99B01197599E8008E537B /* Images.xcassets in Resources */ = {isa = PBXBuildFile; fileRef = 4AF99B00197599E8008E537B /* Images.xcassets */; };
		4AF99B08197599E8008E537B /* XCTest.framework in Frameworks */ = {isa = PBXBuildFile; fileRef = 4AF99B07197599E8008E537B /* XCTest.framework */; };
		4AF99B09197599E8008E537B /* Foundation.framework in Frameworks */ = {isa = PBXBuildFile; fileRef = 4AF99AE8197599E8008E537B /* Foundation.framework */; };
		4AF99B0A197599E8008E537B /* UIKit.framework in Frameworks */ = {isa = PBXBuildFile; fileRef = 4AF99AEC197599E8008E537B /* UIKit.framework */; };
		4AF99B12197599E8008E537B /* InfoPlist.strings in Resources */ = {isa = PBXBuildFile; fileRef = 4AF99B10197599E8008E537B /* InfoPlist.strings */; };
		4AF99B14197599E8008E537B /* SignalTests.m in Sources */ = {isa = PBXBuildFile; fileRef = 4AF99B13197599E8008E537B /* SignalTests.m */; };
		4AF99B351975A15A008E537B /* TweetCell.m in Sources */ = {isa = PBXBuildFile; fileRef = 4AF99B341975A15A008E537B /* TweetCell.m */; };
		DFD721C11A38DB3E00AADD30 /* OneLoginSDK.framework in Frameworks */ = {isa = PBXBuildFile; fileRef = DFD721C01A38DB3E00AADD30 /* OneLoginSDK.framework */; };
		FE12E94E1B6BE6250018468F /* TweetDataSource.m in Sources */ = {isa = PBXBuildFile; fileRef = FE12E94D1B6BE6250018468F /* TweetDataSource.m */; };
		FE12E9531B6BE8DE0018468F /* TweetDelegate.m in Sources */ = {isa = PBXBuildFile; fileRef = FE12E9521B6BE8DE0018468F /* TweetDelegate.m */; };
		FE12E9561B6BEB490018468F /* ImageManager.m in Sources */ = {isa = PBXBuildFile; fileRef = FE12E9551B6BEB490018468F /* ImageManager.m */; };
		FE3FC2C91B6AC78900620BCC /* TweetManager.m in Sources */ = {isa = PBXBuildFile; fileRef = FE3FC2C81B6AC78900620BCC /* TweetManager.m */; };
		FE3FC2CC1B6AC7C900620BCC /* TokenManager.m in Sources */ = {isa = PBXBuildFile; fileRef = FE3FC2CB1B6AC7C900620BCC /* TokenManager.m */; };
		FE7D3B9B1B6BF855006FA9B9 /* NSDictionary+DataEncoding.m in Sources */ = {isa = PBXBuildFile; fileRef = FE7D3B9A1B6BF855006FA9B9 /* NSDictionary+DataEncoding.m */; };
/* End PBXBuildFile section */

/* Begin PBXContainerItemProxy section */
		4AF99B0B197599E8008E537B /* PBXContainerItemProxy */ = {
			isa = PBXContainerItemProxy;
			containerPortal = 4AF99ADD197599E8008E537B /* Project object */;
			proxyType = 1;
			remoteGlobalIDString = 4AF99AE4197599E8008E537B;
			remoteInfo = Signal;
		};
/* End PBXContainerItemProxy section */

/* Begin PBXFileReference section */
		4AC900DC19C785E6006D3DB9 /* NAPPSVerifyViewController.h */ = {isa = PBXFileReference; fileEncoding = 4; lastKnownFileType = sourcecode.c.h; path = NAPPSVerifyViewController.h; sourceTree = "<group>"; };
		4AC900DD19C785E6006D3DB9 /* NAPPSVerifyViewController.m */ = {isa = PBXFileReference; fileEncoding = 4; lastKnownFileType = sourcecode.c.objc; path = NAPPSVerifyViewController.m; sourceTree = "<group>"; };
		4AF99AE5197599E8008E537B /* Signal.app */ = {isa = PBXFileReference; explicitFileType = wrapper.application; includeInIndex = 0; path = Signal.app; sourceTree = BUILT_PRODUCTS_DIR; };
		4AF99AE8197599E8008E537B /* Foundation.framework */ = {isa = PBXFileReference; lastKnownFileType = wrapper.framework; name = Foundation.framework; path = System/Library/Frameworks/Foundation.framework; sourceTree = SDKROOT; };
		4AF99AEA197599E8008E537B /* CoreGraphics.framework */ = {isa = PBXFileReference; lastKnownFileType = wrapper.framework; name = CoreGraphics.framework; path = System/Library/Frameworks/CoreGraphics.framework; sourceTree = SDKROOT; };
		4AF99AEC197599E8008E537B /* UIKit.framework */ = {isa = PBXFileReference; lastKnownFileType = wrapper.framework; name = UIKit.framework; path = System/Library/Frameworks/UIKit.framework; sourceTree = SDKROOT; };
		4AF99AF0197599E8008E537B /* Signal-Info.plist */ = {isa = PBXFileReference; lastKnownFileType = text.plist.xml; path = "Signal-Info.plist"; sourceTree = "<group>"; };
		4AF99AF2197599E8008E537B /* en */ = {isa = PBXFileReference; lastKnownFileType = text.plist.strings; name = en; path = en.lproj/InfoPlist.strings; sourceTree = "<group>"; };
		4AF99AF4197599E8008E537B /* main.m */ = {isa = PBXFileReference; lastKnownFileType = sourcecode.c.objc; path = main.m; sourceTree = "<group>"; };
		4AF99AF6197599E8008E537B /* Signal-Prefix.pch */ = {isa = PBXFileReference; lastKnownFileType = sourcecode.c.h; path = "Signal-Prefix.pch"; sourceTree = "<group>"; };
		4AF99AF7197599E8008E537B /* AppDelegate.h */ = {isa = PBXFileReference; lastKnownFileType = sourcecode.c.h; path = AppDelegate.h; sourceTree = "<group>"; };
		4AF99AF8197599E8008E537B /* AppDelegate.m */ = {isa = PBXFileReference; lastKnownFileType = sourcecode.c.objc; path = AppDelegate.m; sourceTree = "<group>"; };
		4AF99AFB197599E8008E537B /* Base */ = {isa = PBXFileReference; lastKnownFileType = file.storyboard; name = Base; path = Base.lproj/Main.storyboard; sourceTree = "<group>"; };
		4AF99AFD197599E8008E537B /* TweetViewController.h */ = {isa = PBXFileReference; lastKnownFileType = sourcecode.c.h; path = TweetViewController.h; sourceTree = "<group>"; };
		4AF99AFE197599E8008E537B /* TweetViewController.m */ = {isa = PBXFileReference; lastKnownFileType = sourcecode.c.objc; path = TweetViewController.m; sourceTree = "<group>"; };
		4AF99B00197599E8008E537B /* Images.xcassets */ = {isa = PBXFileReference; lastKnownFileType = folder.assetcatalog; path = Images.xcassets; sourceTree = "<group>"; };
		4AF99B06197599E8008E537B /* SignalTests.xctest */ = {isa = PBXFileReference; explicitFileType = wrapper.cfbundle; includeInIndex = 0; path = SignalTests.xctest; sourceTree = BUILT_PRODUCTS_DIR; };
		4AF99B07197599E8008E537B /* XCTest.framework */ = {isa = PBXFileReference; lastKnownFileType = wrapper.framework; name = XCTest.framework; path = Library/Frameworks/XCTest.framework; sourceTree = DEVELOPER_DIR; };
		4AF99B0F197599E8008E537B /* SignalTests-Info.plist */ = {isa = PBXFileReference; lastKnownFileType = text.plist.xml; path = "SignalTests-Info.plist"; sourceTree = "<group>"; };
		4AF99B11197599E8008E537B /* en */ = {isa = PBXFileReference; lastKnownFileType = text.plist.strings; name = en; path = en.lproj/InfoPlist.strings; sourceTree = "<group>"; };
		4AF99B13197599E8008E537B /* SignalTests.m */ = {isa = PBXFileReference; lastKnownFileType = sourcecode.c.objc; path = SignalTests.m; sourceTree = "<group>"; };
		4AF99B331975A15A008E537B /* TweetCell.h */ = {isa = PBXFileReference; fileEncoding = 4; lastKnownFileType = sourcecode.c.h; path = TweetCell.h; sourceTree = "<group>"; };
		4AF99B341975A15A008E537B /* TweetCell.m */ = {isa = PBXFileReference; fileEncoding = 4; lastKnownFileType = sourcecode.c.objc; path = TweetCell.m; sourceTree = "<group>"; };
		DFD721C01A38DB3E00AADD30 /* OneLoginSDK.framework */ = {isa = PBXFileReference; lastKnownFileType = wrapper.framework; path = OneLoginSDK.framework; sourceTree = "<group>"; };
		FE12E94C1B6BE6250018468F /* TweetDataSource.h */ = {isa = PBXFileReference; fileEncoding = 4; lastKnownFileType = sourcecode.c.h; path = TweetDataSource.h; sourceTree = "<group>"; };
		FE12E94D1B6BE6250018468F /* TweetDataSource.m */ = {isa = PBXFileReference; fileEncoding = 4; lastKnownFileType = sourcecode.c.objc; path = TweetDataSource.m; sourceTree = "<group>"; };
		FE12E9511B6BE8DE0018468F /* TweetDelegate.h */ = {isa = PBXFileReference; fileEncoding = 4; lastKnownFileType = sourcecode.c.h; path = TweetDelegate.h; sourceTree = "<group>"; };
		FE12E9521B6BE8DE0018468F /* TweetDelegate.m */ = {isa = PBXFileReference; fileEncoding = 4; lastKnownFileType = sourcecode.c.objc; path = TweetDelegate.m; sourceTree = "<group>"; };
		FE12E9541B6BEB490018468F /* ImageManager.h */ = {isa = PBXFileReference; fileEncoding = 4; lastKnownFileType = sourcecode.c.h; path = ImageManager.h; sourceTree = "<group>"; };
		FE12E9551B6BEB490018468F /* ImageManager.m */ = {isa = PBXFileReference; fileEncoding = 4; lastKnownFileType = sourcecode.c.objc; path = ImageManager.m; sourceTree = "<group>"; };
		FE3FC2C71B6AC78900620BCC /* TweetManager.h */ = {isa = PBXFileReference; fileEncoding = 4; lastKnownFileType = sourcecode.c.h; path = TweetManager.h; sourceTree = "<group>"; };
		FE3FC2C81B6AC78900620BCC /* TweetManager.m */ = {isa = PBXFileReference; fileEncoding = 4; lastKnownFileType = sourcecode.c.objc; path = TweetManager.m; sourceTree = "<group>"; };
		FE3FC2CA1B6AC7C900620BCC /* TokenManager.h */ = {isa = PBXFileReference; fileEncoding = 4; lastKnownFileType = sourcecode.c.h; path = TokenManager.h; sourceTree = "<group>"; };
		FE3FC2CB1B6AC7C900620BCC /* TokenManager.m */ = {isa = PBXFileReference; fileEncoding = 4; lastKnownFileType = sourcecode.c.objc; path = TokenManager.m; sourceTree = "<group>"; };
		FE7D3B991B6BF855006FA9B9 /* NSDictionary+DataEncoding.h */ = {isa = PBXFileReference; fileEncoding = 4; lastKnownFileType = sourcecode.c.h; path = "NSDictionary+DataEncoding.h"; sourceTree = "<group>"; };
		FE7D3B9A1B6BF855006FA9B9 /* NSDictionary+DataEncoding.m */ = {isa = PBXFileReference; fileEncoding = 4; lastKnownFileType = sourcecode.c.objc; path = "NSDictionary+DataEncoding.m"; sourceTree = "<group>"; };
/* End PBXFileReference section */

/* Begin PBXFrameworksBuildPhase section */
		4AF99AE2197599E8008E537B /* Frameworks */ = {
			isa = PBXFrameworksBuildPhase;
			buildActionMask = 2147483647;
			files = (
				4AF99AEB197599E8008E537B /* CoreGraphics.framework in Frameworks */,
				4AF99AED197599E8008E537B /* UIKit.framework in Frameworks */,
				DFD721C11A38DB3E00AADD30 /* OneLoginSDK.framework in Frameworks */,
				4AF99AE9197599E8008E537B /* Foundation.framework in Frameworks */,
			);
			runOnlyForDeploymentPostprocessing = 0;
		};
		4AF99B03197599E8008E537B /* Frameworks */ = {
			isa = PBXFrameworksBuildPhase;
			buildActionMask = 2147483647;
			files = (
				4AF99B08197599E8008E537B /* XCTest.framework in Frameworks */,
				4AF99B0A197599E8008E537B /* UIKit.framework in Frameworks */,
				4AF99B09197599E8008E537B /* Foundation.framework in Frameworks */,
			);
			runOnlyForDeploymentPostprocessing = 0;
		};
/* End PBXFrameworksBuildPhase section */

/* Begin PBXGroup section */
		4AF99ADC197599E8008E537B = {
			isa = PBXGroup;
			children = (
				4AF99AEE197599E8008E537B /* Signal */,
				4AF99B0D197599E8008E537B /* SignalTests */,
				4AF99AE7197599E8008E537B /* Frameworks */,
				4AF99AE6197599E8008E537B /* Products */,
			);
			sourceTree = "<group>";
		};
		4AF99AE6197599E8008E537B /* Products */ = {
			isa = PBXGroup;
			children = (
				4AF99AE5197599E8008E537B /* Signal.app */,
				4AF99B06197599E8008E537B /* SignalTests.xctest */,
			);
			name = Products;
			sourceTree = "<group>";
		};
		4AF99AE7197599E8008E537B /* Frameworks */ = {
			isa = PBXGroup;
			children = (
				DFD721C01A38DB3E00AADD30 /* OneLoginSDK.framework */,
				4AF99AE8197599E8008E537B /* Foundation.framework */,
				4AF99AEA197599E8008E537B /* CoreGraphics.framework */,
				4AF99AEC197599E8008E537B /* UIKit.framework */,
				4AF99B07197599E8008E537B /* XCTest.framework */,
			);
			name = Frameworks;
			sourceTree = "<group>";
		};
		4AF99AEE197599E8008E537B /* Signal */ = {
			isa = PBXGroup;
			children = (
				FE7D3B981B6BF839006FA9B9 /* Categories */,
				FE3FC2C61B6AC76800620BCC /* Managers */,
				FE0A28531B6A9949006636D8 /* Storyboards */,
				FE0A28521B6A9937006636D8 /* Views */,
				FE0A28511B6A9924006636D8 /* Controllers */,
				4AF99AF7197599E8008E537B /* AppDelegate.h */,
				4AF99AF8197599E8008E537B /* AppDelegate.m */,
				4AF99B00197599E8008E537B /* Images.xcassets */,
				4AF99AEF197599E8008E537B /* Supporting Files */,
			);
			path = Signal;
			sourceTree = "<group>";
		};
		4AF99AEF197599E8008E537B /* Supporting Files */ = {
			isa = PBXGroup;
			children = (
				4AF99AF0197599E8008E537B /* Signal-Info.plist */,
				4AF99AF1197599E8008E537B /* InfoPlist.strings */,
				4AF99AF4197599E8008E537B /* main.m */,
				4AF99AF6197599E8008E537B /* Signal-Prefix.pch */,
			);
			name = "Supporting Files";
			sourceTree = "<group>";
		};
		4AF99B0D197599E8008E537B /* SignalTests */ = {
			isa = PBXGroup;
			children = (
				4AF99B13197599E8008E537B /* SignalTests.m */,
				4AF99B0E197599E8008E537B /* Supporting Files */,
			);
			path = SignalTests;
			sourceTree = "<group>";
		};
		4AF99B0E197599E8008E537B /* Supporting Files */ = {
			isa = PBXGroup;
			children = (
				4AF99B0F197599E8008E537B /* SignalTests-Info.plist */,
				4AF99B10197599E8008E537B /* InfoPlist.strings */,
			);
			name = "Supporting Files";
			sourceTree = "<group>";
		};
		FE0A28511B6A9924006636D8 /* Controllers */ = {
			isa = PBXGroup;
			children = (
				FE12E9501B6BE8A10018468F /* Verification Controller */,
				FE12E94F1B6BE8910018468F /* Tweet Controller */,
			);
			name = Controllers;
			sourceTree = "<group>";
		};
		FE0A28521B6A9937006636D8 /* Views */ = {
			isa = PBXGroup;
			children = (
				4AF99B331975A15A008E537B /* TweetCell.h */,
				4AF99B341975A15A008E537B /* TweetCell.m */,
			);
			name = Views;
			sourceTree = "<group>";
		};
		FE0A28531B6A9949006636D8 /* Storyboards */ = {
			isa = PBXGroup;
			children = (
				4AF99AFA197599E8008E537B /* Main.storyboard */,
			);
			name = Storyboards;
			sourceTree = "<group>";
		};
		FE12E94F1B6BE8910018468F /* Tweet Controller */ = {
			isa = PBXGroup;
			children = (
				4AF99AFD197599E8008E537B /* TweetViewController.h */,
				4AF99AFE197599E8008E537B /* TweetViewController.m */,
				FE12E94C1B6BE6250018468F /* TweetDataSource.h */,
				FE12E94D1B6BE6250018468F /* TweetDataSource.m */,
				FE12E9511B6BE8DE0018468F /* TweetDelegate.h */,
				FE12E9521B6BE8DE0018468F /* TweetDelegate.m */,
			);
			name = "Tweet Controller";
			sourceTree = "<group>";
		};
		FE12E9501B6BE8A10018468F /* Verification Controller */ = {
			isa = PBXGroup;
			children = (
				4AC900DC19C785E6006D3DB9 /* NAPPSVerifyViewController.h */,
				4AC900DD19C785E6006D3DB9 /* NAPPSVerifyViewController.m */,
			);
			name = "Verification Controller";
			sourceTree = "<group>";
		};
		FE3FC2C61B6AC76800620BCC /* Managers */ = {
			isa = PBXGroup;
			children = (
				FE3FC2C71B6AC78900620BCC /* TweetManager.h */,
				FE3FC2C81B6AC78900620BCC /* TweetManager.m */,
				FE3FC2CA1B6AC7C900620BCC /* TokenManager.h */,
				FE3FC2CB1B6AC7C900620BCC /* TokenManager.m */,
				FE12E9541B6BEB490018468F /* ImageManager.h */,
				FE12E9551B6BEB490018468F /* ImageManager.m */,
			);
			name = Managers;
			sourceTree = "<group>";
		};
		FE7D3B981B6BF839006FA9B9 /* Categories */ = {
			isa = PBXGroup;
			children = (
				FE7D3B991B6BF855006FA9B9 /* NSDictionary+DataEncoding.h */,
				FE7D3B9A1B6BF855006FA9B9 /* NSDictionary+DataEncoding.m */,
			);
			name = Categories;
			sourceTree = "<group>";
		};
/* End PBXGroup section */

/* Begin PBXNativeTarget section */
		4AF99AE4197599E8008E537B /* Signal */ = {
			isa = PBXNativeTarget;
			buildConfigurationList = 4AF99B17197599E8008E537B /* Build configuration list for PBXNativeTarget "Signal" */;
			buildPhases = (
				4AF99AE1197599E8008E537B /* Sources */,
				4AF99AE2197599E8008E537B /* Frameworks */,
				4AF99AE3197599E8008E537B /* Resources */,
			);
			buildRules = (
			);
			dependencies = (
			);
			name = Signal;
			productName = Signal;
			productReference = 4AF99AE5197599E8008E537B /* Signal.app */;
			productType = "com.apple.product-type.application";
		};
		4AF99B05197599E8008E537B /* SignalTests */ = {
			isa = PBXNativeTarget;
			buildConfigurationList = 4AF99B1A197599E8008E537B /* Build configuration list for PBXNativeTarget "SignalTests" */;
			buildPhases = (
				4AF99B02197599E8008E537B /* Sources */,
				4AF99B03197599E8008E537B /* Frameworks */,
				4AF99B04197599E8008E537B /* Resources */,
			);
			buildRules = (
			);
			dependencies = (
				4AF99B0C197599E8008E537B /* PBXTargetDependency */,
			);
			name = SignalTests;
			productName = SignalTests;
			productReference = 4AF99B06197599E8008E537B /* SignalTests.xctest */;
			productType = "com.apple.product-type.bundle.unit-test";
		};
/* End PBXNativeTarget section */

/* Begin PBXProject section */
		4AF99ADD197599E8008E537B /* Project object */ = {
			isa = PBXProject;
			attributes = {
				LastUpgradeCheck = 0510;
				ORGANIZATIONNAME = "Troy Simon";
				TargetAttributes = {
					4AF99AE4197599E8008E537B = {
						DevelopmentTeam = SG57VP828X;
						SystemCapabilities = {
							com.apple.BackgroundModes = {
								enabled = 1;
							};
						};
					};
					4AF99B05197599E8008E537B = {
						TestTargetID = 4AF99AE4197599E8008E537B;
					};
				};
			};
			buildConfigurationList = 4AF99AE0197599E8008E537B /* Build configuration list for PBXProject "Signal" */;
			compatibilityVersion = "Xcode 3.2";
			developmentRegion = English;
			hasScannedForEncodings = 0;
			knownRegions = (
				en,
				Base,
			);
			mainGroup = 4AF99ADC197599E8008E537B;
			productRefGroup = 4AF99AE6197599E8008E537B /* Products */;
			projectDirPath = "";
			projectRoot = "";
			targets = (
				4AF99AE4197599E8008E537B /* Signal */,
				4AF99B05197599E8008E537B /* SignalTests */,
			);
		};
/* End PBXProject section */

/* Begin PBXResourcesBuildPhase section */
		4AF99AE3197599E8008E537B /* Resources */ = {
			isa = PBXResourcesBuildPhase;
			buildActionMask = 2147483647;
			files = (
				4AF99B01197599E8008E537B /* Images.xcassets in Resources */,
				4AF99AF3197599E8008E537B /* InfoPlist.strings in Resources */,
				4AF99AFC197599E8008E537B /* Main.storyboard in Resources */,
			);
			runOnlyForDeploymentPostprocessing = 0;
		};
		4AF99B04197599E8008E537B /* Resources */ = {
			isa = PBXResourcesBuildPhase;
			buildActionMask = 2147483647;
			files = (
				4AF99B12197599E8008E537B /* InfoPlist.strings in Resources */,
			);
			runOnlyForDeploymentPostprocessing = 0;
		};
/* End PBXResourcesBuildPhase section */

/* Begin PBXSourcesBuildPhase section */
		4AF99AE1197599E8008E537B /* Sources */ = {
			isa = PBXSourcesBuildPhase;
			buildActionMask = 2147483647;
			files = (
				FE12E94E1B6BE6250018468F /* TweetDataSource.m in Sources */,
				4AF99AFF197599E8008E537B /* TweetViewController.m in Sources */,
				4AF99AF9197599E8008E537B /* AppDelegate.m in Sources */,
				FE3FC2C91B6AC78900620BCC /* TweetManager.m in Sources */,
				FE12E9531B6BE8DE0018468F /* TweetDelegate.m in Sources */,
				FE7D3B9B1B6BF855006FA9B9 /* NSDictionary+DataEncoding.m in Sources */,
				4AF99AF5197599E8008E537B /* main.m in Sources */,
				4AC900DE19C785E6006D3DB9 /* NAPPSVerifyViewController.m in Sources */,
				FE12E9561B6BEB490018468F /* ImageManager.m in Sources */,
				FE3FC2CC1B6AC7C900620BCC /* TokenManager.m in Sources */,
				4AF99B351975A15A008E537B /* TweetCell.m in Sources */,
			);
			runOnlyForDeploymentPostprocessing = 0;
		};
		4AF99B02197599E8008E537B /* Sources */ = {
			isa = PBXSourcesBuildPhase;
			buildActionMask = 2147483647;
			files = (
				4AF99B14197599E8008E537B /* SignalTests.m in Sources */,
			);
			runOnlyForDeploymentPostprocessing = 0;
		};
/* End PBXSourcesBuildPhase section */

/* Begin PBXTargetDependency section */
		4AF99B0C197599E8008E537B /* PBXTargetDependency */ = {
			isa = PBXTargetDependency;
			target = 4AF99AE4197599E8008E537B /* Signal */;
			targetProxy = 4AF99B0B197599E8008E537B /* PBXContainerItemProxy */;
		};
/* End PBXTargetDependency section */

/* Begin PBXVariantGroup section */
		4AF99AF1197599E8008E537B /* InfoPlist.strings */ = {
			isa = PBXVariantGroup;
			children = (
				4AF99AF2197599E8008E537B /* en */,
			);
			name = InfoPlist.strings;
			sourceTree = "<group>";
		};
		4AF99AFA197599E8008E537B /* Main.storyboard */ = {
			isa = PBXVariantGroup;
			children = (
				4AF99AFB197599E8008E537B /* Base */,
			);
			name = Main.storyboard;
			sourceTree = "<group>";
		};
		4AF99B10197599E8008E537B /* InfoPlist.strings */ = {
			isa = PBXVariantGroup;
			children = (
				4AF99B11197599E8008E537B /* en */,
			);
			name = InfoPlist.strings;
			sourceTree = "<group>";
		};
/* End PBXVariantGroup section */

/* Begin XCBuildConfiguration section */
		4AF99B15197599E8008E537B /* Debug */ = {
			isa = XCBuildConfiguration;
			buildSettings = {
				ALWAYS_SEARCH_USER_PATHS = NO;
				CLANG_CXX_LANGUAGE_STANDARD = "gnu++0x";
				CLANG_CXX_LIBRARY = "libc++";
				CLANG_ENABLE_MODULES = YES;
				CLANG_ENABLE_OBJC_ARC = YES;
				CLANG_WARN_BOOL_CONVERSION = YES;
				CLANG_WARN_CONSTANT_CONVERSION = YES;
				CLANG_WARN_DIRECT_OBJC_ISA_USAGE = YES_ERROR;
				CLANG_WARN_EMPTY_BODY = YES;
				CLANG_WARN_ENUM_CONVERSION = YES;
				CLANG_WARN_INT_CONVERSION = YES;
				CLANG_WARN_OBJC_ROOT_CLASS = YES_ERROR;
				CLANG_WARN__DUPLICATE_METHOD_MATCH = YES;
				CODE_SIGN_IDENTITY = "iPhone Developer";
				"CODE_SIGN_IDENTITY[sdk=iphoneos*]" = "iPhone Developer";
				COPY_PHASE_STRIP = NO;
				GCC_C_LANGUAGE_STANDARD = gnu99;
				GCC_DYNAMIC_NO_PIC = NO;
				GCC_OPTIMIZATION_LEVEL = 0;
				GCC_PREPROCESSOR_DEFINITIONS = (
					"DEBUG=1",
					"$(inherited)",
				);
				GCC_SYMBOLS_PRIVATE_EXTERN = NO;
				GCC_WARN_64_TO_32_BIT_CONVERSION = YES;
				GCC_WARN_ABOUT_RETURN_TYPE = YES_ERROR;
				GCC_WARN_UNDECLARED_SELECTOR = YES;
				GCC_WARN_UNINITIALIZED_AUTOS = YES_AGGRESSIVE;
				GCC_WARN_UNUSED_FUNCTION = YES;
				GCC_WARN_UNUSED_VARIABLE = YES;
				IPHONEOS_DEPLOYMENT_TARGET = 7.1;
				ONLY_ACTIVE_ARCH = YES;
				SDKROOT = iphoneos;
			};
			name = Debug;
		};
		4AF99B16197599E8008E537B /* Release */ = {
			isa = XCBuildConfiguration;
			buildSettings = {
				ALWAYS_SEARCH_USER_PATHS = NO;
				CLANG_CXX_LANGUAGE_STANDARD = "gnu++0x";
				CLANG_CXX_LIBRARY = "libc++";
				CLANG_ENABLE_MODULES = YES;
				CLANG_ENABLE_OBJC_ARC = YES;
				CLANG_WARN_BOOL_CONVERSION = YES;
				CLANG_WARN_CONSTANT_CONVERSION = YES;
				CLANG_WARN_DIRECT_OBJC_ISA_USAGE = YES_ERROR;
				CLANG_WARN_EMPTY_BODY = YES;
				CLANG_WARN_ENUM_CONVERSION = YES;
				CLANG_WARN_INT_CONVERSION = YES;
				CLANG_WARN_OBJC_ROOT_CLASS = YES_ERROR;
				CLANG_WARN__DUPLICATE_METHOD_MATCH = YES;
				CODE_SIGN_IDENTITY = "iPhone Developer";
				"CODE_SIGN_IDENTITY[sdk=iphoneos*]" = "iPhone Developer";
				COPY_PHASE_STRIP = YES;
				ENABLE_NS_ASSERTIONS = NO;
				GCC_C_LANGUAGE_STANDARD = gnu99;
				GCC_WARN_64_TO_32_BIT_CONVERSION = YES;
				GCC_WARN_ABOUT_RETURN_TYPE = YES_ERROR;
				GCC_WARN_UNDECLARED_SELECTOR = YES;
				GCC_WARN_UNINITIALIZED_AUTOS = YES_AGGRESSIVE;
				GCC_WARN_UNUSED_FUNCTION = YES;
				GCC_WARN_UNUSED_VARIABLE = YES;
				IPHONEOS_DEPLOYMENT_TARGET = 7.1;
				SDKROOT = iphoneos;
				VALIDATE_PRODUCT = YES;
			};
			name = Release;
		};
		4AF99B18197599E8008E537B /* Debug */ = {
			isa = XCBuildConfiguration;
			buildSettings = {
				ASSETCATALOG_COMPILER_APPICON_NAME = AppIcon;
				ASSETCATALOG_COMPILER_LAUNCHIMAGE_NAME = LaunchImage;
				CODE_SIGN_IDENTITY = "iPhone Developer";
				"CODE_SIGN_IDENTITY[sdk=iphoneos*]" = "iPhone Developer";
				FRAMEWORK_SEARCH_PATHS = (
					"$(inherited)",
					"$(PROJECT_DIR)",
				);
				GCC_PRECOMPILE_PREFIX_HEADER = YES;
				GCC_PREFIX_HEADER = "Signal/Signal-Prefix.pch";
				INFOPLIST_FILE = "Signal/Signal-Info.plist";
				IPHONEOS_DEPLOYMENT_TARGET = 8.0;
				PRODUCT_NAME = "$(TARGET_NAME)";
				PROVISIONING_PROFILE = "";
				WRAPPER_EXTENSION = app;
			};
			name = Debug;
		};
		4AF99B19197599E8008E537B /* Release */ = {
			isa = XCBuildConfiguration;
			buildSettings = {
				ASSETCATALOG_COMPILER_APPICON_NAME = AppIcon;
				ASSETCATALOG_COMPILER_LAUNCHIMAGE_NAME = LaunchImage;
				CODE_SIGN_IDENTITY = "iPhone Developer";
				"CODE_SIGN_IDENTITY[sdk=iphoneos*]" = "iPhone Developer";
				FRAMEWORK_SEARCH_PATHS = (
					"$(inherited)",
					"$(PROJECT_DIR)",
				);
				GCC_PRECOMPILE_PREFIX_HEADER = YES;
				GCC_PREFIX_HEADER = "Signal/Signal-Prefix.pch";
				INFOPLIST_FILE = "Signal/Signal-Info.plist";
				IPHONEOS_DEPLOYMENT_TARGET = 8.0;
				PRODUCT_NAME = "$(TARGET_NAME)";
				PROVISIONING_PROFILE = "";
				WRAPPER_EXTENSION = app;
			};
			name = Release;
		};
		4AF99B1B197599E8008E537B /* Debug */ = {
			isa = XCBuildConfiguration;
			buildSettings = {
				BUNDLE_LOADER = "$(BUILT_PRODUCTS_DIR)/Signal.app/Signal";
				FRAMEWORK_SEARCH_PATHS = (
					"$(SDKROOT)/Developer/Library/Frameworks",
					"$(inherited)",
					"$(DEVELOPER_FRAMEWORKS_DIR)",
				);
				GCC_PRECOMPILE_PREFIX_HEADER = YES;
				GCC_PREFIX_HEADER = "Signal/Signal-Prefix.pch";
				GCC_PREPROCESSOR_DEFINITIONS = (
					"DEBUG=1",
					"$(inherited)",
				);
				INFOPLIST_FILE = "SignalTests/SignalTests-Info.plist";
				PRODUCT_NAME = "$(TARGET_NAME)";
				TEST_HOST = "$(BUNDLE_LOADER)";
				WRAPPER_EXTENSION = xctest;
			};
			name = Debug;
		};
		4AF99B1C197599E8008E537B /* Release */ = {
			isa = XCBuildConfiguration;
			buildSettings = {
				BUNDLE_LOADER = "$(BUILT_PRODUCTS_DIR)/Signal.app/Signal";
				FRAMEWORK_SEARCH_PATHS = (
					"$(SDKROOT)/Developer/Library/Frameworks",
					"$(inherited)",
					"$(DEVELOPER_FRAMEWORKS_DIR)",
				);
				GCC_PRECOMPILE_PREFIX_HEADER = YES;
				GCC_PREFIX_HEADER = "Signal/Signal-Prefix.pch";
				INFOPLIST_FILE = "SignalTests/SignalTests-Info.plist";
				PRODUCT_NAME = "$(TARGET_NAME)";
				TEST_HOST = "$(BUNDLE_LOADER)";
				WRAPPER_EXTENSION = xctest;
			};
			name = Release;
		};
/* End XCBuildConfiguration section */

/* Begin XCConfigurationList section */
		4AF99AE0197599E8008E537B /* Build configuration list for PBXProject "Signal" */ = {
			isa = XCConfigurationList;
			buildConfigurations = (
				4AF99B15197599E8008E537B /* Debug */,
				4AF99B16197599E8008E537B /* Release */,
			);
			defaultConfigurationIsVisible = 0;
			defaultConfigurationName = Release;
		};
		4AF99B17197599E8008E537B /* Build configuration list for PBXNativeTarget "Signal" */ = {
			isa = XCConfigurationList;
			buildConfigurations = (
				4AF99B18197599E8008E537B /* Debug */,
				4AF99B19197599E8008E537B /* Release */,
			);
			defaultConfigurationIsVisible = 0;
			defaultConfigurationName = Release;
		};
		4AF99B1A197599E8008E537B /* Build configuration list for PBXNativeTarget "SignalTests" */ = {
			isa = XCConfigurationList;
			buildConfigurations = (
				4AF99B1B197599E8008E537B /* Debug */,
				4AF99B1C197599E8008E537B /* Release */,
			);
			defaultConfigurationIsVisible = 0;
			defaultConfigurationName = Release;
		};
/* End XCConfigurationList section */
	};
	rootObject = 4AF99ADD197599E8008E537B /* Project object */;
}
